
Microsoft Visual Studio Solution File, Format Version 12.00
# Visual Studio Version 17
VisualStudioVersion = 17.4.33213.308
MinimumVisualStudioVersion = 10.0.40219.1
Project("{FAE04EC0-301F-11D3-BF4B-00C04F79EFBC}") = "Heranca", "Heranca\Heranca.csproj", "{EB3E1BC5-A441-433F-BA66-321B4505A463}"
EndProject
Global
	GlobalSection(SolutionConfigurationPlatforms) = preSolution
		Debug|Any CPU = Debug|Any CPU
		Release|Any CPU = Release|Any CPU
	EndGlobalSection
	GlobalSection(ProjectConfigurationPlatforms) = postSolution
		{EB3E1BC5-A441-433F-BA66-321B4505A463}.Debug|Any CPU.ActiveCfg = Debug|Any CPU
		{EB3E1BC5-A441-433F-BA66-321B4505A463}.Debug|Any CPU.Build.0 = Debug|Any CPU
		{EB3E1BC5-A441-433F-BA66-321B4505A463}.Release|Any CPU.ActiveCfg = Release|Any CPU
		{EB3E1BC5-A441-433F-BA66-321B4505A463}.Release|Any CPU.Build.0 = Release|Any CPU
	EndGlobalSection
	GlobalSection(SolutionProperties) = preSolution
		HideSolutionNode = FALSE
	EndGlobalSection
	GlobalSection(ExtensibilityGlobals) = postSolution
		SolutionGuid = {A31AB504-6D11-4C42-9BAE-A03260D70310}
	EndGlobalSection
EndGlobal
